
Microsoft Visual Studio Solution File, Format Version 12.00
# Visual Studio Version 17
VisualStudioVersion = 17.3.32922.545
MinimumVisualStudioVersion = 10.0.40219.1
Project("{2150E333-8FDC-42A3-9474-1A3956D46DE8}") = "Order", "Order", "{ECD03EAD-75A9-49FA-864D-DA3472A4FFA7}"
EndProject
Project("{2150E333-8FDC-42A3-9474-1A3956D46DE8}") = "Customer", "Customer", "{C3073676-8C56-4246-93CA-11074AC67199}"
EndProject
Project("{2150E333-8FDC-42A3-9474-1A3956D46DE8}") = "Product", "Product", "{EDD1E3D5-1EB1-4B22-9770-DF595B8C2DF0}"
EndProject
Project("{9A19103F-16F7-4668-BE54-9A1E7A4F7556}") = "CustomerAPI", "CustomerAPI\CustomerAPI.csproj", "{D9BC8CE0-DA4D-43EA-A91C-586DCD045FAA}"
EndProject
Project("{9A19103F-16F7-4668-BE54-9A1E7A4F7556}") = "ProductService.API", "ProductService.API\ProductService.API.csproj", "{F5525814-59B4-4428-994E-D6C0C5019E10}"
EndProject
Project("{9A19103F-16F7-4668-BE54-9A1E7A4F7556}") = "OrderService", "OrderService\OrderService.csproj", "{2E06B11C-B55B-4497-99C2-73F3B6E9E9F9}"
EndProject
Project("{9A19103F-16F7-4668-BE54-9A1E7A4F7556}") = "Consumer", "Consumer\Consumer.csproj", "{22C6B778-E8D9-491F-90CE-14017FC34851}"
EndProject
Project("{9A19103F-16F7-4668-BE54-9A1E7A4F7556}") = "OrderService.API", "OrderService.API\OrderService.API.csproj", "{7AE72E21-AC1A-4F49-968D-D7DAACDA8B3C}"
EndProject
Project("{9A19103F-16F7-4668-BE54-9A1E7A4F7556}") = "Order.UnitTests", "Order.UnitTests\Order.UnitTests.csproj", "{75261E56-61B9-4978-9B96-8E294FA3E0BF}"
EndProject
Project("{9A19103F-16F7-4668-BE54-9A1E7A4F7556}") = "Customer.UnitTests", "Customer.UnitTests\Customer.UnitTests.csproj", "{5AC0FAD4-64C8-4542-81AE-4D47226E92B8}"
EndProject
Project("{9A19103F-16F7-4668-BE54-9A1E7A4F7556}") = "Product.UnitTests", "Product.UnitTests\Product.UnitTests.csproj", "{ED4D37A4-971D-4A02-87DE-1A6A34A983E0}"
EndProject
Project("{9A19103F-16F7-4668-BE54-9A1E7A4F7556}") = "ProductService", "ProdcutService\ProductService.csproj", "{57449250-0CBD-44B8-BF31-DE9362DF1E7A}"
EndProject
Project("{2150E333-8FDC-42A3-9474-1A3956D46DE8}") = "ApiGateway", "ApiGateway", "{271ACA86-1B69-4E6C-AB36-777794886D54}"
EndProject
Project("{9A19103F-16F7-4668-BE54-9A1E7A4F7556}") = "ApiGateway", "ApiGateway\ApiGateway.csproj", "{8C436E5E-2398-43D7-83D2-98C6E3E422FB}"
EndProject
Project("{E53339B2-1760-4266-BCC7-CA923CBCF16C}") = "docker-compose", "docker-compose.dcproj", "{DCA007F4-C8A8-4CAF-A652-DF8470AF391C}"
EndProject
Global
	GlobalSection(SolutionConfigurationPlatforms) = preSolution
		Debug|Any CPU = Debug|Any CPU
		Release|Any CPU = Release|Any CPU
	EndGlobalSection
	GlobalSection(ProjectConfigurationPlatforms) = postSolution
		{D9BC8CE0-DA4D-43EA-A91C-586DCD045FAA}.Debug|Any CPU.ActiveCfg = Debug|Any CPU
		{D9BC8CE0-DA4D-43EA-A91C-586DCD045FAA}.Debug|Any CPU.Build.0 = Debug|Any CPU
		{D9BC8CE0-DA4D-43EA-A91C-586DCD045FAA}.Release|Any CPU.ActiveCfg = Release|Any CPU
		{D9BC8CE0-DA4D-43EA-A91C-586DCD045FAA}.Release|Any CPU.Build.0 = Release|Any CPU
		{F5525814-59B4-4428-994E-D6C0C5019E10}.Debug|Any CPU.ActiveCfg = Debug|Any CPU
		{F5525814-59B4-4428-994E-D6C0C5019E10}.Debug|Any CPU.Build.0 = Debug|Any CPU
		{F5525814-59B4-4428-994E-D6C0C5019E10}.Release|Any CPU.ActiveCfg = Release|Any CPU
		{F5525814-59B4-4428-994E-D6C0C5019E10}.Release|Any CPU.Build.0 = Release|Any CPU
		{2E06B11C-B55B-4497-99C2-73F3B6E9E9F9}.Debug|Any CPU.ActiveCfg = Debug|Any CPU
		{2E06B11C-B55B-4497-99C2-73F3B6E9E9F9}.Debug|Any CPU.Build.0 = Debug|Any CPU
		{2E06B11C-B55B-4497-99C2-73F3B6E9E9F9}.Release|Any CPU.ActiveCfg = Release|Any CPU
		{2E06B11C-B55B-4497-99C2-73F3B6E9E9F9}.Release|Any CPU.Build.0 = Release|Any CPU
		{22C6B778-E8D9-491F-90CE-14017FC34851}.Debug|Any CPU.ActiveCfg = Debug|Any CPU
		{22C6B778-E8D9-491F-90CE-14017FC34851}.Debug|Any CPU.Build.0 = Debug|Any CPU
		{22C6B778-E8D9-491F-90CE-14017FC34851}.Release|Any CPU.ActiveCfg = Release|Any CPU
		{22C6B778-E8D9-491F-90CE-14017FC34851}.Release|Any CPU.Build.0 = Release|Any CPU
		{7AE72E21-AC1A-4F49-968D-D7DAACDA8B3C}.Debug|Any CPU.ActiveCfg = Debug|Any CPU
		{7AE72E21-AC1A-4F49-968D-D7DAACDA8B3C}.Debug|Any CPU.Build.0 = Debug|Any CPU
		{7AE72E21-AC1A-4F49-968D-D7DAACDA8B3C}.Release|Any CPU.ActiveCfg = Release|Any CPU
		{7AE72E21-AC1A-4F49-968D-D7DAACDA8B3C}.Release|Any CPU.Build.0 = Release|Any CPU
		{75261E56-61B9-4978-9B96-8E294FA3E0BF}.Debug|Any CPU.ActiveCfg = Debug|Any CPU
		{75261E56-61B9-4978-9B96-8E294FA3E0BF}.Debug|Any CPU.Build.0 = Debug|Any CPU
		{75261E56-61B9-4978-9B96-8E294FA3E0BF}.Release|Any CPU.ActiveCfg = Release|Any CPU
		{75261E56-61B9-4978-9B96-8E294FA3E0BF}.Release|Any CPU.Build.0 = Release|Any CPU
		{5AC0FAD4-64C8-4542-81AE-4D47226E92B8}.Debug|Any CPU.ActiveCfg = Debug|Any CPU
		{5AC0FAD4-64C8-4542-81AE-4D47226E92B8}.Debug|Any CPU.Build.0 = Debug|Any CPU
		{5AC0FAD4-64C8-4542-81AE-4D47226E92B8}.Release|Any CPU.ActiveCfg = Release|Any CPU
		{5AC0FAD4-64C8-4542-81AE-4D47226E92B8}.Release|Any CPU.Build.0 = Release|Any CPU
		{ED4D37A4-971D-4A02-87DE-1A6A34A983E0}.Debug|Any CPU.ActiveCfg = Debug|Any CPU
		{ED4D37A4-971D-4A02-87DE-1A6A34A983E0}.Debug|Any CPU.Build.0 = Debug|Any CPU
		{ED4D37A4-971D-4A02-87DE-1A6A34A983E0}.Release|Any CPU.ActiveCfg = Release|Any CPU
		{ED4D37A4-971D-4A02-87DE-1A6A34A983E0}.Release|Any CPU.Build.0 = Release|Any CPU
		{57449250-0CBD-44B8-BF31-DE9362DF1E7A}.Debug|Any CPU.ActiveCfg = Debug|Any CPU
		{57449250-0CBD-44B8-BF31-DE9362DF1E7A}.Debug|Any CPU.Build.0 = Debug|Any CPU
		{57449250-0CBD-44B8-BF31-DE9362DF1E7A}.Release|Any CPU.ActiveCfg = Release|Any CPU
		{57449250-0CBD-44B8-BF31-DE9362DF1E7A}.Release|Any CPU.Build.0 = Release|Any CPU
		{8C436E5E-2398-43D7-83D2-98C6E3E422FB}.Debug|Any CPU.ActiveCfg = Debug|Any CPU
		{8C436E5E-2398-43D7-83D2-98C6E3E422FB}.Debug|Any CPU.Build.0 = Debug|Any CPU
		{8C436E5E-2398-43D7-83D2-98C6E3E422FB}.Release|Any CPU.ActiveCfg = Release|Any CPU
		{8C436E5E-2398-43D7-83D2-98C6E3E422FB}.Release|Any CPU.Build.0 = Release|Any CPU
		{DCA007F4-C8A8-4CAF-A652-DF8470AF391C}.Debug|Any CPU.ActiveCfg = Debug|Any CPU
		{DCA007F4-C8A8-4CAF-A652-DF8470AF391C}.Debug|Any CPU.Build.0 = Debug|Any CPU
		{DCA007F4-C8A8-4CAF-A652-DF8470AF391C}.Release|Any CPU.ActiveCfg = Release|Any CPU
		{DCA007F4-C8A8-4CAF-A652-DF8470AF391C}.Release|Any CPU.Build.0 = Release|Any CPU
	EndGlobalSection
	GlobalSection(SolutionProperties) = preSolution
		HideSolutionNode = FALSE
	EndGlobalSection
	GlobalSection(NestedProjects) = preSolution
		{D9BC8CE0-DA4D-43EA-A91C-586DCD045FAA} = {C3073676-8C56-4246-93CA-11074AC67199}
		{F5525814-59B4-4428-994E-D6C0C5019E10} = {EDD1E3D5-1EB1-4B22-9770-DF595B8C2DF0}
		{2E06B11C-B55B-4497-99C2-73F3B6E9E9F9} = {ECD03EAD-75A9-49FA-864D-DA3472A4FFA7}
		{7AE72E21-AC1A-4F49-968D-D7DAACDA8B3C} = {ECD03EAD-75A9-49FA-864D-DA3472A4FFA7}
		{75261E56-61B9-4978-9B96-8E294FA3E0BF} = {ECD03EAD-75A9-49FA-864D-DA3472A4FFA7}
		{5AC0FAD4-64C8-4542-81AE-4D47226E92B8} = {C3073676-8C56-4246-93CA-11074AC67199}
		{ED4D37A4-971D-4A02-87DE-1A6A34A983E0} = {EDD1E3D5-1EB1-4B22-9770-DF595B8C2DF0}
		{57449250-0CBD-44B8-BF31-DE9362DF1E7A} = {EDD1E3D5-1EB1-4B22-9770-DF595B8C2DF0}
		{8C436E5E-2398-43D7-83D2-98C6E3E422FB} = {271ACA86-1B69-4E6C-AB36-777794886D54}
	EndGlobalSection
	GlobalSection(ExtensibilityGlobals) = postSolution
		SolutionGuid = {08DE4210-3067-42AD-A02B-67A4C6701FCB}
	EndGlobalSection
EndGlobal
